
Microsoft Visual Studio Solution File, Format Version 12.00
Project("{FAE04EC0-301F-11D3-BF4B-00C04F79EFBC}") = "CommandService", "CommandService\CommandService.csproj", "{28752A51-D9B5-40C5-9DF9-DF3F95E19133}"
EndProject
Project("{FAE04EC0-301F-11D3-BF4B-00C04F79EFBC}") = "QueryService", "QueryService\QueryService.csproj", "{625E3E40-EBD8-4F14-A3FC-6F6946AFDC2F}"
EndProject
Global
	GlobalSection(SolutionConfigurationPlatforms) = preSolution
		Debug|Any CPU = Debug|Any CPU
		Release|Any CPU = Release|Any CPU
	EndGlobalSection
	GlobalSection(ProjectConfigurationPlatforms) = postSolution
		{28752A51-D9B5-40C5-9DF9-DF3F95E19133}.Debug|Any CPU.ActiveCfg = Debug|Any CPU
		{28752A51-D9B5-40C5-9DF9-DF3F95E19133}.Debug|Any CPU.Build.0 = Debug|Any CPU
		{28752A51-D9B5-40C5-9DF9-DF3F95E19133}.Release|Any CPU.ActiveCfg = Release|Any CPU
		{28752A51-D9B5-40C5-9DF9-DF3F95E19133}.Release|Any CPU.Build.0 = Release|Any CPU
		{625E3E40-EBD8-4F14-A3FC-6F6946AFDC2F}.Debug|Any CPU.ActiveCfg = Debug|Any CPU
		{625E3E40-EBD8-4F14-A3FC-6F6946AFDC2F}.Debug|Any CPU.Build.0 = Debug|Any CPU
		{625E3E40-EBD8-4F14-A3FC-6F6946AFDC2F}.Release|Any CPU.ActiveCfg = Release|Any CPU
		{625E3E40-EBD8-4F14-A3FC-6F6946AFDC2F}.Release|Any CPU.Build.0 = Release|Any CPU
	EndGlobalSection
EndGlobal
